// !$*UTF8*$!
{
	archiveVersion = 1;
	classes = {
	};
	objectVersion = 50;
	objects = {

/* Begin PBXBuildFile section */
		E34844ED26427ABB006A069B /* AppDelegate.swift in Sources */ = {isa = PBXBuildFile; fileRef = E34844EC26427ABB006A069B /* AppDelegate.swift */; };
		E34844EF26427ABB006A069B /* SceneDelegate.swift in Sources */ = {isa = PBXBuildFile; fileRef = E34844EE26427ABB006A069B /* SceneDelegate.swift */; };
		E34844F126427ABB006A069B /* ViewController.swift in Sources */ = {isa = PBXBuildFile; fileRef = E34844F026427ABB006A069B /* ViewController.swift */; };
		E34844F426427ABB006A069B /* Main.storyboard in Resources */ = {isa = PBXBuildFile; fileRef = E34844F226427ABB006A069B /* Main.storyboard */; };
		E34844F626427ACC006A069B /* Assets.xcassets in Resources */ = {isa = PBXBuildFile; fileRef = E34844F526427ACC006A069B /* Assets.xcassets */; };
		E34844F926427ACC006A069B /* LaunchScreen.storyboard in Resources */ = {isa = PBXBuildFile; fileRef = E34844F726427ACC006A069B /* LaunchScreen.storyboard */; };
		E348450426427ACD006A069B /* Constraints_SessionTests.swift in Sources */ = {isa = PBXBuildFile; fileRef = E348450326427ACD006A069B /* Constraints_SessionTests.swift */; };
		E348450F26427ACD006A069B /* Constraints_SessionUITests.swift in Sources */ = {isa = PBXBuildFile; fileRef = E348450E26427ACD006A069B /* Constraints_SessionUITests.swift */; };
		E348451D26428227006A069B /* ViewExtension.swift in Sources */ = {isa = PBXBuildFile; fileRef = E348451C26428227006A069B /* ViewExtension.swift */; };
		E348451F264284B0006A069B /* ViewController+Extension.swift in Sources */ = {isa = PBXBuildFile; fileRef = E348451E264284B0006A069B /* ViewController+Extension.swift */; };
/* End PBXBuildFile section */

/* Begin PBXContainerItemProxy section */
		E348450026427ACD006A069B /* PBXContainerItemProxy */ = {
			isa = PBXContainerItemProxy;
			containerPortal = E34844E126427ABB006A069B /* Project object */;
			proxyType = 1;
			remoteGlobalIDString = E34844E826427ABB006A069B;
			remoteInfo = Constraints_Session;
		};
		E348450B26427ACD006A069B /* PBXContainerItemProxy */ = {
			isa = PBXContainerItemProxy;
			containerPortal = E34844E126427ABB006A069B /* Project object */;
			proxyType = 1;
			remoteGlobalIDString = E34844E826427ABB006A069B;
			remoteInfo = Constraints_Session;
		};
/* End PBXContainerItemProxy section */

/* Begin PBXFileReference section */
		E34844E926427ABB006A069B /* Constraints_Session.app */ = {isa = PBXFileReference; explicitFileType = wrapper.application; includeInIndex = 0; path = Constraints_Session.app; sourceTree = BUILT_PRODUCTS_DIR; };
		E34844EC26427ABB006A069B /* AppDelegate.swift */ = {isa = PBXFileReference; lastKnownFileType = sourcecode.swift; path = AppDelegate.swift; sourceTree = "<group>"; };
		E34844EE26427ABB006A069B /* SceneDelegate.swift */ = {isa = PBXFileReference; lastKnownFileType = sourcecode.swift; path = SceneDelegate.swift; sourceTree = "<group>"; };
		E34844F026427ABB006A069B /* ViewController.swift */ = {isa = PBXFileReference; lastKnownFileType = sourcecode.swift; path = ViewController.swift; sourceTree = "<group>"; };
		E34844F326427ABB006A069B /* Base */ = {isa = PBXFileReference; lastKnownFileType = file.storyboard; name = Base; path = Base.lproj/Main.storyboard; sourceTree = "<group>"; };
		E34844F526427ACC006A069B /* Assets.xcassets */ = {isa = PBXFileReference; lastKnownFileType = folder.assetcatalog; path = Assets.xcassets; sourceTree = "<group>"; };
		E34844F826427ACC006A069B /* Base */ = {isa = PBXFileReference; lastKnownFileType = file.storyboard; name = Base; path = Base.lproj/LaunchScreen.storyboard; sourceTree = "<group>"; };
		E34844FA26427ACC006A069B /* Info.plist */ = {isa = PBXFileReference; lastKnownFileType = text.plist.xml; path = Info.plist; sourceTree = "<group>"; };
		E34844FF26427ACD006A069B /* Constraints_SessionTests.xctest */ = {isa = PBXFileReference; explicitFileType = wrapper.cfbundle; includeInIndex = 0; path = Constraints_SessionTests.xctest; sourceTree = BUILT_PRODUCTS_DIR; };
		E348450326427ACD006A069B /* Constraints_SessionTests.swift */ = {isa = PBXFileReference; lastKnownFileType = sourcecode.swift; path = Constraints_SessionTests.swift; sourceTree = "<group>"; };
		E348450526427ACD006A069B /* Info.plist */ = {isa = PBXFileReference; lastKnownFileType = text.plist.xml; path = Info.plist; sourceTree = "<group>"; };
		E348450A26427ACD006A069B /* Constraints_SessionUITests.xctest */ = {isa = PBXFileReference; explicitFileType = wrapper.cfbundle; includeInIndex = 0; path = Constraints_SessionUITests.xctest; sourceTree = BUILT_PRODUCTS_DIR; };
		E348450E26427ACD006A069B /* Constraints_SessionUITests.swift */ = {isa = PBXFileReference; lastKnownFileType = sourcecode.swift; path = Constraints_SessionUITests.swift; sourceTree = "<group>"; };
		E348451026427ACD006A069B /* Info.plist */ = {isa = PBXFileReference; lastKnownFileType = text.plist.xml; path = Info.plist; sourceTree = "<group>"; };
		E348451C26428227006A069B /* ViewExtension.swift */ = {isa = PBXFileReference; lastKnownFileType = sourcecode.swift; path = ViewExtension.swift; sourceTree = "<group>"; };
		E348451E264284B0006A069B /* ViewController+Extension.swift */ = {isa = PBXFileReference; lastKnownFileType = sourcecode.swift; path = "ViewController+Extension.swift"; sourceTree = "<group>"; };
/* End PBXFileReference section */

/* Begin PBXFrameworksBuildPhase section */
		E34844E626427ABB006A069B /* Frameworks */ = {
			isa = PBXFrameworksBuildPhase;
			buildActionMask = 2147483647;
			files = (
			);
			runOnlyForDeploymentPostprocessing = 0;
		};
		E34844FC26427ACD006A069B /* Frameworks */ = {
			isa = PBXFrameworksBuildPhase;
			buildActionMask = 2147483647;
			files = (
			);
			runOnlyForDeploymentPostprocessing = 0;
		};
		E348450726427ACD006A069B /* Frameworks */ = {
			isa = PBXFrameworksBuildPhase;
			buildActionMask = 2147483647;
			files = (
			);
			runOnlyForDeploymentPostprocessing = 0;
		};
/* End PBXFrameworksBuildPhase section */

/* Begin PBXGroup section */
		E34844E026427ABB006A069B = {
			isa = PBXGroup;
			children = (
				E34844EB26427ABB006A069B /* Constraints_Session */,
				E348450226427ACD006A069B /* Constraints_SessionTests */,
				E348450D26427ACD006A069B /* Constraints_SessionUITests */,
				E34844EA26427ABB006A069B /* Products */,
			);
			sourceTree = "<group>";
		};
		E34844EA26427ABB006A069B /* Products */ = {
			isa = PBXGroup;
			children = (
				E34844E926427ABB006A069B /* Constraints_Session.app */,
				E34844FF26427ACD006A069B /* Constraints_SessionTests.xctest */,
				E348450A26427ACD006A069B /* Constraints_SessionUITests.xctest */,
			);
			name = Products;
			sourceTree = "<group>";
		};
		E34844EB26427ABB006A069B /* Constraints_Session */ = {
			isa = PBXGroup;
			children = (
				E34844EC26427ABB006A069B /* AppDelegate.swift */,
				E34844EE26427ABB006A069B /* SceneDelegate.swift */,
				E34844F026427ABB006A069B /* ViewController.swift */,
				E348451E264284B0006A069B /* ViewController+Extension.swift */,
				E348451C26428227006A069B /* ViewExtension.swift */,
				E34844F226427ABB006A069B /* Main.storyboard */,
				E34844F526427ACC006A069B /* Assets.xcassets */,
				E34844F726427ACC006A069B /* LaunchScreen.storyboard */,
				E34844FA26427ACC006A069B /* Info.plist */,
			);
			path = Constraints_Session;
			sourceTree = "<group>";
		};
		E348450226427ACD006A069B /* Constraints_SessionTests */ = {
			isa = PBXGroup;
			children = (
				E348450326427ACD006A069B /* Constraints_SessionTests.swift */,
				E348450526427ACD006A069B /* Info.plist */,
			);
			path = Constraints_SessionTests;
			sourceTree = "<group>";
		};
		E348450D26427ACD006A069B /* Constraints_SessionUITests */ = {
			isa = PBXGroup;
			children = (
				E348450E26427ACD006A069B /* Constraints_SessionUITests.swift */,
				E348451026427ACD006A069B /* Info.plist */,
			);
			path = Constraints_SessionUITests;
			sourceTree = "<group>";
		};
/* End PBXGroup section */

/* Begin PBXNativeTarget section */
		E34844E826427ABB006A069B /* Constraints_Session */ = {
			isa = PBXNativeTarget;
			buildConfigurationList = E348451326427ACD006A069B /* Build configuration list for PBXNativeTarget "Constraints_Session" */;
			buildPhases = (
				E34844E526427ABB006A069B /* Sources */,
				E34844E626427ABB006A069B /* Frameworks */,
				E34844E726427ABB006A069B /* Resources */,
			);
			buildRules = (
			);
			dependencies = (
			);
			name = Constraints_Session;
			productName = Constraints_Session;
			productReference = E34844E926427ABB006A069B /* Constraints_Session.app */;
			productType = "com.apple.product-type.application";
		};
		E34844FE26427ACD006A069B /* Constraints_SessionTests */ = {
			isa = PBXNativeTarget;
			buildConfigurationList = E348451626427ACD006A069B /* Build configuration list for PBXNativeTarget "Constraints_SessionTests" */;
			buildPhases = (
				E34844FB26427ACD006A069B /* Sources */,
				E34844FC26427ACD006A069B /* Frameworks */,
				E34844FD26427ACD006A069B /* Resources */,
			);
			buildRules = (
			);
			dependencies = (
				E348450126427ACD006A069B /* PBXTargetDependency */,
			);
			name = Constraints_SessionTests;
			productName = Constraints_SessionTests;
			productReference = E34844FF26427ACD006A069B /* Constraints_SessionTests.xctest */;
			productType = "com.apple.product-type.bundle.unit-test";
		};
		E348450926427ACD006A069B /* Constraints_SessionUITests */ = {
			isa = PBXNativeTarget;
			buildConfigurationList = E348451926427ACD006A069B /* Build configuration list for PBXNativeTarget "Constraints_SessionUITests" */;
			buildPhases = (
				E348450626427ACD006A069B /* Sources */,
				E348450726427ACD006A069B /* Frameworks */,
				E348450826427ACD006A069B /* Resources */,
			);
			buildRules = (
			);
			dependencies = (
				E348450C26427ACD006A069B /* PBXTargetDependency */,
			);
			name = Constraints_SessionUITests;
			productName = Constraints_SessionUITests;
			productReference = E348450A26427ACD006A069B /* Constraints_SessionUITests.xctest */;
			productType = "com.apple.product-type.bundle.ui-testing";
		};
/* End PBXNativeTarget section */

/* Begin PBXProject section */
		E34844E126427ABB006A069B /* Project object */ = {
			isa = PBXProject;
			attributes = {
				LastSwiftUpdateCheck = 1250;
				LastUpgradeCheck = 1250;
				TargetAttributes = {
					E34844E826427ABB006A069B = {
						CreatedOnToolsVersion = 12.5;
					};
					E34844FE26427ACD006A069B = {
						CreatedOnToolsVersion = 12.5;
						TestTargetID = E34844E826427ABB006A069B;
					};
					E348450926427ACD006A069B = {
						CreatedOnToolsVersion = 12.5;
						TestTargetID = E34844E826427ABB006A069B;
					};
				};
			};
			buildConfigurationList = E34844E426427ABB006A069B /* Build configuration list for PBXProject "Constraints_Session" */;
			compatibilityVersion = "Xcode 9.3";
			developmentRegion = en;
			hasScannedForEncodings = 0;
			knownRegions = (
				en,
				Base,
			);
			mainGroup = E34844E026427ABB006A069B;
			productRefGroup = E34844EA26427ABB006A069B /* Products */;
			projectDirPath = "";
			projectRoot = "";
			targets = (
				E34844E826427ABB006A069B /* Constraints_Session */,
				E34844FE26427ACD006A069B /* Constraints_SessionTests */,
				E348450926427ACD006A069B /* Constraints_SessionUITests */,
			);
		};
/* End PBXProject section */

/* Begin PBXResourcesBuildPhase section */
		E34844E726427ABB006A069B /* Resources */ = {
			isa = PBXResourcesBuildPhase;
			buildActionMask = 2147483647;
			files = (
				E34844F926427ACC006A069B /* LaunchScreen.storyboard in Resources */,
				E34844F626427ACC006A069B /* Assets.xcassets in Resources */,
				E34844F426427ABB006A069B /* Main.storyboard in Resources */,
			);
			runOnlyForDeploymentPostprocessing = 0;
		};
		E34844FD26427ACD006A069B /* Resources */ = {
			isa = PBXResourcesBuildPhase;
			buildActionMask = 2147483647;
			files = (
			);
			runOnlyForDeploymentPostprocessing = 0;
		};
		E348450826427ACD006A069B /* Resources */ = {
			isa = PBXResourcesBuildPhase;
			buildActionMask = 2147483647;
			files = (
			);
			runOnlyForDeploymentPostprocessing = 0;
		};
/* End PBXResourcesBuildPhase section */

/* Begin PBXSourcesBuildPhase section */
		E34844E526427ABB006A069B /* Sources */ = {
			isa = PBXSourcesBuildPhase;
			buildActionMask = 2147483647;
			files = (
				E34844F126427ABB006A069B /* ViewController.swift in Sources */,
				E34844ED26427ABB006A069B /* AppDelegate.swift in Sources */,
				E348451D26428227006A069B /* ViewExtension.swift in Sources */,
				E348451F264284B0006A069B /* ViewController+Extension.swift in Sources */,
				E34844EF26427ABB006A069B /* SceneDelegate.swift in Sources */,
			);
			runOnlyForDeploymentPostprocessing = 0;
		};
		E34844FB26427ACD006A069B /* Sources */ = {
			isa = PBXSourcesBuildPhase;
			buildActionMask = 2147483647;
			files = (
				E348450426427ACD006A069B /* Constraints_SessionTests.swift in Sources */,
			);
			runOnlyForDeploymentPostprocessing = 0;
		};
		E348450626427ACD006A069B /* Sources */ = {
			isa = PBXSourcesBuildPhase;
			buildActionMask = 2147483647;
			files = (
				E348450F26427ACD006A069B /* Constraints_SessionUITests.swift in Sources */,
			);
			runOnlyForDeploymentPostprocessing = 0;
		};
/* End PBXSourcesBuildPhase section */

/* Begin PBXTargetDependency section */
		E348450126427ACD006A069B /* PBXTargetDependency */ = {
			isa = PBXTargetDependency;
			target = E34844E826427ABB006A069B /* Constraints_Session */;
			targetProxy = E348450026427ACD006A069B /* PBXContainerItemProxy */;
		};
		E348450C26427ACD006A069B /* PBXTargetDependency */ = {
			isa = PBXTargetDependency;
			target = E34844E826427ABB006A069B /* Constraints_Session */;
			targetProxy = E348450B26427ACD006A069B /* PBXContainerItemProxy */;
		};
/* End PBXTargetDependency section */

/* Begin PBXVariantGroup section */
		E34844F226427ABB006A069B /* Main.storyboard */ = {
			isa = PBXVariantGroup;
			children = (
				E34844F326427ABB006A069B /* Base */,
			);
			name = Main.storyboard;
			sourceTree = "<group>";
		};
		E34844F726427ACC006A069B /* LaunchScreen.storyboard */ = {
			isa = PBXVariantGroup;
			children = (
				E34844F826427ACC006A069B /* Base */,
			);
			name = LaunchScreen.storyboard;
			sourceTree = "<group>";
		};
/* End PBXVariantGroup section */

/* Begin XCBuildConfiguration section */
		E348451126427ACD006A069B /* Debug */ = {
			isa = XCBuildConfiguration;
			buildSettings = {
				ALWAYS_SEARCH_USER_PATHS = NO;
				CLANG_ANALYZER_NONNULL = YES;
				CLANG_ANALYZER_NUMBER_OBJECT_CONVERSION = YES_AGGRESSIVE;
				CLANG_CXX_LANGUAGE_STANDARD = "gnu++14";
				CLANG_CXX_LIBRARY = "libc++";
				CLANG_ENABLE_MODULES = YES;
				CLANG_ENABLE_OBJC_ARC = YES;
				CLANG_ENABLE_OBJC_WEAK = YES;
				CLANG_WARN_BLOCK_CAPTURE_AUTORELEASING = YES;
				CLANG_WARN_BOOL_CONVERSION = YES;
				CLANG_WARN_COMMA = YES;
				CLANG_WARN_CONSTANT_CONVERSION = YES;
				CLANG_WARN_DEPRECATED_OBJC_IMPLEMENTATIONS = YES;
				CLANG_WARN_DIRECT_OBJC_ISA_USAGE = YES_ERROR;
				CLANG_WARN_DOCUMENTATION_COMMENTS = YES;
				CLANG_WARN_EMPTY_BODY = YES;
				CLANG_WARN_ENUM_CONVERSION = YES;
				CLANG_WARN_INFINITE_RECURSION = YES;
				CLANG_WARN_INT_CONVERSION = YES;
				CLANG_WARN_NON_LITERAL_NULL_CONVERSION = YES;
				CLANG_WARN_OBJC_IMPLICIT_RETAIN_SELF = YES;
				CLANG_WARN_OBJC_LITERAL_CONVERSION = YES;
				CLANG_WARN_OBJC_ROOT_CLASS = YES_ERROR;
				CLANG_WARN_QUOTED_INCLUDE_IN_FRAMEWORK_HEADER = YES;
				CLANG_WARN_RANGE_LOOP_ANALYSIS = YES;
				CLANG_WARN_STRICT_PROTOTYPES = YES;
				CLANG_WARN_SUSPICIOUS_MOVE = YES;
				CLANG_WARN_UNGUARDED_AVAILABILITY = YES_AGGRESSIVE;
				CLANG_WARN_UNREACHABLE_CODE = YES;
				CLANG_WARN__DUPLICATE_METHOD_MATCH = YES;
				COPY_PHASE_STRIP = NO;
				DEBUG_INFORMATION_FORMAT = dwarf;
				ENABLE_STRICT_OBJC_MSGSEND = YES;
				ENABLE_TESTABILITY = YES;
				GCC_C_LANGUAGE_STANDARD = gnu11;
				GCC_DYNAMIC_NO_PIC = NO;
				GCC_NO_COMMON_BLOCKS = YES;
				GCC_OPTIMIZATION_LEVEL = 0;
				GCC_PREPROCESSOR_DEFINITIONS = (
					"DEBUG=1",
					"$(inherited)",
				);
				GCC_WARN_64_TO_32_BIT_CONVERSION = YES;
				GCC_WARN_ABOUT_RETURN_TYPE = YES_ERROR;
				GCC_WARN_UNDECLARED_SELECTOR = YES;
				GCC_WARN_UNINITIALIZED_AUTOS = YES_AGGRESSIVE;
				GCC_WARN_UNUSED_FUNCTION = YES;
				GCC_WARN_UNUSED_VARIABLE = YES;
				IPHONEOS_DEPLOYMENT_TARGET = 14.5;
				MTL_ENABLE_DEBUG_INFO = INCLUDE_SOURCE;
				MTL_FAST_MATH = YES;
				ONLY_ACTIVE_ARCH = YES;
				SDKROOT = iphoneos;
				SWIFT_ACTIVE_COMPILATION_CONDITIONS = DEBUG;
				SWIFT_OPTIMIZATION_LEVEL = "-Onone";
			};
			name = Debug;
		};
		E348451226427ACD006A069B /* Release */ = {
			isa = XCBuildConfiguration;
			buildSettings = {
				ALWAYS_SEARCH_USER_PATHS = NO;
				CLANG_ANALYZER_NONNULL = YES;
				CLANG_ANALYZER_NUMBER_OBJECT_CONVERSION = YES_AGGRESSIVE;
				CLANG_CXX_LANGUAGE_STANDARD = "gnu++14";
				CLANG_CXX_LIBRARY = "libc++";
				CLANG_ENABLE_MODULES = YES;
				CLANG_ENABLE_OBJC_ARC = YES;
				CLANG_ENABLE_OBJC_WEAK = YES;
				CLANG_WARN_BLOCK_CAPTURE_AUTORELEASING = YES;
				CLANG_WARN_BOOL_CONVERSION = YES;
				CLANG_WARN_COMMA = YES;
				CLANG_WARN_CONSTANT_CONVERSION = YES;
				CLANG_WARN_DEPRECATED_OBJC_IMPLEMENTATIONS = YES;
				CLANG_WARN_DIRECT_OBJC_ISA_USAGE = YES_ERROR;
				CLANG_WARN_DOCUMENTATION_COMMENTS = YES;
				CLANG_WARN_EMPTY_BODY = YES;
				CLANG_WARN_ENUM_CONVERSION = YES;
				CLANG_WARN_INFINITE_RECURSION = YES;
				CLANG_WARN_INT_CONVERSION = YES;
				CLANG_WARN_NON_LITERAL_NULL_CONVERSION = YES;
				CLANG_WARN_OBJC_IMPLICIT_RETAIN_SELF = YES;
				CLANG_WARN_OBJC_LITERAL_CONVERSION = YES;
				CLANG_WARN_OBJC_ROOT_CLASS = YES_ERROR;
				CLANG_WARN_QUOTED_INCLUDE_IN_FRAMEWORK_HEADER = YES;
				CLANG_WARN_RANGE_LOOP_ANALYSIS = YES;
				CLANG_WARN_STRICT_PROTOTYPES = YES;
				CLANG_WARN_SUSPICIOUS_MOVE = YES;
				CLANG_WARN_UNGUARDED_AVAILABILITY = YES_AGGRESSIVE;
				CLANG_WARN_UNREACHABLE_CODE = YES;
				CLANG_WARN__DUPLICATE_METHOD_MATCH = YES;
				COPY_PHASE_STRIP = NO;
				DEBUG_INFORMATION_FORMAT = "dwarf-with-dsym";
				ENABLE_NS_ASSERTIONS = NO;
				ENABLE_STRICT_OBJC_MSGSEND = YES;
				GCC_C_LANGUAGE_STANDARD = gnu11;
				GCC_NO_COMMON_BLOCKS = YES;
				GCC_WARN_64_TO_32_BIT_CONVERSION = YES;
				GCC_WARN_ABOUT_RETURN_TYPE = YES_ERROR;
				GCC_WARN_UNDECLARED_SELECTOR = YES;
				GCC_WARN_UNINITIALIZED_AUTOS = YES_AGGRESSIVE;
				GCC_WARN_UNUSED_FUNCTION = YES;
				GCC_WARN_UNUSED_VARIABLE = YES;
				IPHONEOS_DEPLOYMENT_TARGET = 14.5;
				MTL_ENABLE_DEBUG_INFO = NO;
				MTL_FAST_MATH = YES;
				SDKROOT = iphoneos;
				SWIFT_COMPILATION_MODE = wholemodule;
				SWIFT_OPTIMIZATION_LEVEL = "-O";
				VALIDATE_PRODUCT = YES;
			};
			name = Release;
		};
		E348451426427ACD006A069B /* Debug */ = {
			isa = XCBuildConfiguration;
			buildSettings = {
				ASSETCATALOG_COMPILER_APPICON_NAME = AppIcon;
				ASSETCATALOG_COMPILER_GLOBAL_ACCENT_COLOR_NAME = AccentColor;
				CODE_SIGN_STYLE = Automatic;
				DEVELOPMENT_TEAM = 45325HKZCH;
				INFOPLIST_FILE = Constraints_Session/Info.plist;
				LD_RUNPATH_SEARCH_PATHS = (
					"$(inherited)",
					"@executable_path/Frameworks",
				);
				PRODUCT_BUNDLE_IDENTIFIER = "TataCliq.Constraints-Session";
				PRODUCT_NAME = "$(TARGET_NAME)";
				SWIFT_VERSION = 5.0;
				TARGETED_DEVICE_FAMILY = "1,2";
			};
			name = Debug;
		};
		E348451526427ACD006A069B /* Release */ = {
			isa = XCBuildConfiguration;
			buildSettings = {
				ASSETCATALOG_COMPILER_APPICON_NAME = AppIcon;
				ASSETCATALOG_COMPILER_GLOBAL_ACCENT_COLOR_NAME = AccentColor;
				CODE_SIGN_STYLE = Automatic;
				DEVELOPMENT_TEAM = 45325HKZCH;
				INFOPLIST_FILE = Constraints_Session/Info.plist;
				LD_RUNPATH_SEARCH_PATHS = (
					"$(inherited)",
					"@executable_path/Frameworks",
				);
				PRODUCT_BUNDLE_IDENTIFIER = "TataCliq.Constraints-Session";
				PRODUCT_NAME = "$(TARGET_NAME)";
				SWIFT_VERSION = 5.0;
				TARGETED_DEVICE_FAMILY = "1,2";
			};
			name = Release;
		};
		E348451726427ACD006A069B /* Debug */ = {
			isa = XCBuildConfiguration;
			buildSettings = {
				ALWAYS_EMBED_SWIFT_STANDARD_LIBRARIES = YES;
				BUNDLE_LOADER = "$(TEST_HOST)";
				CODE_SIGN_STYLE = Automatic;
				DEVELOPMENT_TEAM = 45325HKZCH;
				INFOPLIST_FILE = Constraints_SessionTests/Info.plist;
				IPHONEOS_DEPLOYMENT_TARGET = 14.5;
				LD_RUNPATH_SEARCH_PATHS = (
					"$(inherited)",
					"@executable_path/Frameworks",
					"@loader_path/Frameworks",
				);
				PRODUCT_BUNDLE_IDENTIFIER = "TataCliq.Constraints-SessionTests";
				PRODUCT_NAME = "$(TARGET_NAME)";
				SWIFT_VERSION = 5.0;
				TARGETED_DEVICE_FAMILY = "1,2";
				TEST_HOST = "$(BUILT_PRODUCTS_DIR)/Constraints_Session.app/Constraints_Session";
			};
			name = Debug;
		};
		E348451826427ACD006A069B /* Release */ = {
			isa = XCBuildConfiguration;
			buildSettings = {
				ALWAYS_EMBED_SWIFT_STANDARD_LIBRARIES = YES;
				BUNDLE_LOADER = "$(TEST_HOST)";
				CODE_SIGN_STYLE = Automatic;
				DEVELOPMENT_TEAM = 45325HKZCH;
				INFOPLIST_FILE = Constraints_SessionTests/Info.plist;
				IPHONEOS_DEPLOYMENT_TARGET = 14.5;
				LD_RUNPATH_SEARCH_PATHS = (
					"$(inherited)",
					"@executable_path/Frameworks",
					"@loader_path/Frameworks",
				);
				PRODUCT_BUNDLE_IDENTIFIER = "TataCliq.Constraints-SessionTests";
				PRODUCT_NAME = "$(TARGET_NAME)";
				SWIFT_VERSION = 5.0;
				TARGETED_DEVICE_FAMILY = "1,2";
				TEST_HOST = "$(BUILT_PRODUCTS_DIR)/Constraints_Session.app/Constraints_Session";
			};
			name = Release;
		};
		E348451A26427ACD006A069B /* Debug */ = {
			isa = XCBuildConfiguration;
			buildSettings = {
				ALWAYS_EMBED_SWIFT_STANDARD_LIBRARIES = YES;
				CODE_SIGN_STYLE = Automatic;
				DEVELOPMENT_TEAM = 45325HKZCH;
				INFOPLIST_FILE = Constraints_SessionUITests/Info.plist;
				LD_RUNPATH_SEARCH_PATHS = (
					"$(inherited)",
					"@executable_path/Frameworks",
					"@loader_path/Frameworks",
				);
				PRODUCT_BUNDLE_IDENTIFIER = "TataCliq.Constraints-SessionUITests";
				PRODUCT_NAME = "$(TARGET_NAME)";
				SWIFT_VERSION = 5.0;
				TARGETED_DEVICE_FAMILY = "1,2";
				TEST_TARGET_NAME = Constraints_Session;
			};
			name = Debug;
		};
		E348451B26427ACD006A069B /* Release */ = {
			isa = XCBuildConfiguration;
			buildSettings = {
				ALWAYS_EMBED_SWIFT_STANDARD_LIBRARIES = YES;
				CODE_SIGN_STYLE = Automatic;
				DEVELOPMENT_TEAM = 45325HKZCH;
				INFOPLIST_FILE = Constraints_SessionUITests/Info.plist;
				LD_RUNPATH_SEARCH_PATHS = (
					"$(inherited)",
					"@executable_path/Frameworks",
					"@loader_path/Frameworks",
				);
				PRODUCT_BUNDLE_IDENTIFIER = "TataCliq.Constraints-SessionUITests";
				PRODUCT_NAME = "$(TARGET_NAME)";
				SWIFT_VERSION = 5.0;
				TARGETED_DEVICE_FAMILY = "1,2";
				TEST_TARGET_NAME = Constraints_Session;
			};
			name = Release;
		};
/* End XCBuildConfiguration section */

/* Begin XCConfigurationList section */
		E34844E426427ABB006A069B /* Build configuration list for PBXProject "Constraints_Session" */ = {
			isa = XCConfigurationList;
			buildConfigurations = (
				E348451126427ACD006A069B /* Debug */,
				E348451226427ACD006A069B /* Release */,
			);
			defaultConfigurationIsVisible = 0;
			defaultConfigurationName = Release;
		};
		E348451326427ACD006A069B /* Build configuration list for PBXNativeTarget "Constraints_Session" */ = {
			isa = XCConfigurationList;
			buildConfigurations = (
				E348451426427ACD006A069B /* Debug */,
				E348451526427ACD006A069B /* Release */,
			);
			defaultConfigurationIsVisible = 0;
			defaultConfigurationName = Release;
		};
		E348451626427ACD006A069B /* Build configuration list for PBXNativeTarget "Constraints_SessionTests" */ = {
			isa = XCConfigurationList;
			buildConfigurations = (
				E348451726427ACD006A069B /* Debug */,
				E348451826427ACD006A069B /* Release */,
			);
			defaultConfigurationIsVisible = 0;
			defaultConfigurationName = Release;
		};
		E348451926427ACD006A069B /* Build configuration list for PBXNativeTarget "Constraints_SessionUITests" */ = {
			isa = XCConfigurationList;
			buildConfigurations = (
				E348451A26427ACD006A069B /* Debug */,
				E348451B26427ACD006A069B /* Release */,
			);
			defaultConfigurationIsVisible = 0;
			defaultConfigurationName = Release;
		};
/* End XCConfigurationList section */
	};
	rootObject = E34844E126427ABB006A069B /* Project object */;
}
